
Microsoft Visual Studio Solution File, Format Version 12.00
# Visual Studio Version 17
VisualStudioVersion = 17.2.32630.192
MinimumVisualStudioVersion = 10.0.40219.1
Project("{FAE04EC0-301F-11D3-BF4B-00C04F79EFBC}") = "PR-20.101_Farukov_UP - Cable TV Service Company", "PR-20.101_Farukov_UP - Cable TV Service Company\PR-20.101_Farukov_UP - Cable TV Service Company.csproj", "{7A8E761B-9DD7-43F9-86AB-1C95D2D3B79A}"
EndProject
Global
	GlobalSection(SolutionConfigurationPlatforms) = preSolution
		Debug|Any CPU = Debug|Any CPU
		Release|Any CPU = Release|Any CPU
	EndGlobalSection
	GlobalSection(ProjectConfigurationPlatforms) = postSolution
		{7A8E761B-9DD7-43F9-86AB-1C95D2D3B79A}.Debug|Any CPU.ActiveCfg = Debug|Any CPU
		{7A8E761B-9DD7-43F9-86AB-1C95D2D3B79A}.Debug|Any CPU.Build.0 = Debug|Any CPU
		{7A8E761B-9DD7-43F9-86AB-1C95D2D3B79A}.Release|Any CPU.ActiveCfg = Release|Any CPU
		{7A8E761B-9DD7-43F9-86AB-1C95D2D3B79A}.Release|Any CPU.Build.0 = Release|Any CPU
	EndGlobalSection
	GlobalSection(SolutionProperties) = preSolution
		HideSolutionNode = FALSE
	EndGlobalSection
	GlobalSection(ExtensibilityGlobals) = postSolution
		SolutionGuid = {DEA1A0E7-1730-4730-AD28-634691D512C4}
	EndGlobalSection
EndGlobal
